// !$*UTF8*$!
{
	archiveVersion = 1;
	classes = {
	};
	objectVersion = 50;
	objects = {

/* Begin PBXBuildFile section */
		2063CEF22642458E00318D7D /* README.md in Resources */ = {isa = PBXBuildFile; fileRef = 2063CEF12642458E00318D7D /* README.md */; };
		20DE1BA4261AEB82007B0776 /* Distance_TrackerApp.swift in Sources */ = {isa = PBXBuildFile; fileRef = 20DE1BA3261AEB82007B0776 /* Distance_TrackerApp.swift */; };
		20DE1BA6261AEB82007B0776 /* ContentView.swift in Sources */ = {isa = PBXBuildFile; fileRef = 20DE1BA5261AEB82007B0776 /* ContentView.swift */; };
		20DE1BA8261AEB85007B0776 /* Assets.xcassets in Resources */ = {isa = PBXBuildFile; fileRef = 20DE1BA7261AEB85007B0776 /* Assets.xcassets */; };
		20DE1BAB261AEB85007B0776 /* Preview Assets.xcassets in Resources */ = {isa = PBXBuildFile; fileRef = 20DE1BAA261AEB85007B0776 /* Preview Assets.xcassets */; };
		20DE1BB6261AEB85007B0776 /* Distance_TrackerTests.swift in Sources */ = {isa = PBXBuildFile; fileRef = 20DE1BB5261AEB85007B0776 /* Distance_TrackerTests.swift */; };
		20DE1BC1261AEB85007B0776 /* Distance_TrackerUITests.swift in Sources */ = {isa = PBXBuildFile; fileRef = 20DE1BC0261AEB85007B0776 /* Distance_TrackerUITests.swift */; };
		20DE1BDA261AEBBB007B0776 /* DistanceManagerViewModel.swift in Sources */ = {isa = PBXBuildFile; fileRef = 20DE1BD9261AEBBB007B0776 /* DistanceManagerViewModel.swift */; };
		20DE1BE4261B0A64007B0776 /* HealthKit.framework in Frameworks */ = {isa = PBXBuildFile; fileRef = 20DE1BE3261B0A64007B0776 /* HealthKit.framework */; };
		20DE1BE9261B11F8007B0776 /* CancelBag.swift in Sources */ = {isa = PBXBuildFile; fileRef = 20DE1BE8261B11F8007B0776 /* CancelBag.swift */; };
		20DE1BEF261C3BCC007B0776 /* TabBarView.swift in Sources */ = {isa = PBXBuildFile; fileRef = 20DE1BEE261C3BCC007B0776 /* TabBarView.swift */; };
		20DE1BF9261C45E6007B0776 /* JourneyView.swift in Sources */ = {isa = PBXBuildFile; fileRef = 20DE1BF8261C45E6007B0776 /* JourneyView.swift */; };
		20DE1BFE261C4635007B0776 /* LocationManager.swift in Sources */ = {isa = PBXBuildFile; fileRef = 20DE1BFD261C4635007B0776 /* LocationManager.swift */; };
		20DE1C03261C4AE3007B0776 /* JourneyViewModel.swift in Sources */ = {isa = PBXBuildFile; fileRef = 20DE1C02261C4AE3007B0776 /* JourneyViewModel.swift */; };
		20DE1C0B261C4B28007B0776 /* Location.swift in Sources */ = {isa = PBXBuildFile; fileRef = 20DE1C0A261C4B28007B0776 /* Location.swift */; };
		20DE1C11261C4B7F007B0776 /* Run.swift in Sources */ = {isa = PBXBuildFile; fileRef = 20DE1C10261C4B7F007B0776 /* Run.swift */; };
		20DE1C1C261C8365007B0776 /* MapView.swift in Sources */ = {isa = PBXBuildFile; fileRef = 20DE1C1B261C8365007B0776 /* MapView.swift */; };
/* End PBXBuildFile section */

/* Begin PBXContainerItemProxy section */
		20DE1BB2261AEB85007B0776 /* PBXContainerItemProxy */ = {
			isa = PBXContainerItemProxy;
			containerPortal = 20DE1B98261AEB82007B0776 /* Project object */;
			proxyType = 1;
			remoteGlobalIDString = 20DE1B9F261AEB82007B0776;
			remoteInfo = "Distance Tracker";
		};
		20DE1BBD261AEB85007B0776 /* PBXContainerItemProxy */ = {
			isa = PBXContainerItemProxy;
			containerPortal = 20DE1B98261AEB82007B0776 /* Project object */;
			proxyType = 1;
			remoteGlobalIDString = 20DE1B9F261AEB82007B0776;
			remoteInfo = "Distance Tracker";
		};
/* End PBXContainerItemProxy section */

/* Begin PBXFileReference section */
		2063CEF12642458E00318D7D /* README.md */ = {isa = PBXFileReference; fileEncoding = 4; lastKnownFileType = net.daringfireball.markdown; path = README.md; sourceTree = SOURCE_ROOT; };
		20DE1BA0261AEB82007B0776 /* Distance Tracker.app */ = {isa = PBXFileReference; explicitFileType = wrapper.application; includeInIndex = 0; path = "Distance Tracker.app"; sourceTree = BUILT_PRODUCTS_DIR; };
		20DE1BA3261AEB82007B0776 /* Distance_TrackerApp.swift */ = {isa = PBXFileReference; lastKnownFileType = sourcecode.swift; path = Distance_TrackerApp.swift; sourceTree = "<group>"; };
		20DE1BA5261AEB82007B0776 /* ContentView.swift */ = {isa = PBXFileReference; lastKnownFileType = sourcecode.swift; path = ContentView.swift; sourceTree = "<group>"; };
		20DE1BA7261AEB85007B0776 /* Assets.xcassets */ = {isa = PBXFileReference; lastKnownFileType = folder.assetcatalog; path = Assets.xcassets; sourceTree = "<group>"; };
		20DE1BAA261AEB85007B0776 /* Preview Assets.xcassets */ = {isa = PBXFileReference; lastKnownFileType = folder.assetcatalog; path = "Preview Assets.xcassets"; sourceTree = "<group>"; };
		20DE1BAC261AEB85007B0776 /* Info.plist */ = {isa = PBXFileReference; lastKnownFileType = text.plist.xml; path = Info.plist; sourceTree = "<group>"; };
		20DE1BB1261AEB85007B0776 /* Distance TrackerTests.xctest */ = {isa = PBXFileReference; explicitFileType = wrapper.cfbundle; includeInIndex = 0; path = "Distance TrackerTests.xctest"; sourceTree = BUILT_PRODUCTS_DIR; };
		20DE1BB5261AEB85007B0776 /* Distance_TrackerTests.swift */ = {isa = PBXFileReference; lastKnownFileType = sourcecode.swift; path = Distance_TrackerTests.swift; sourceTree = "<group>"; };
		20DE1BB7261AEB85007B0776 /* Info.plist */ = {isa = PBXFileReference; lastKnownFileType = text.plist.xml; path = Info.plist; sourceTree = "<group>"; };
		20DE1BBC261AEB85007B0776 /* Distance TrackerUITests.xctest */ = {isa = PBXFileReference; explicitFileType = wrapper.cfbundle; includeInIndex = 0; path = "Distance TrackerUITests.xctest"; sourceTree = BUILT_PRODUCTS_DIR; };
		20DE1BC0261AEB85007B0776 /* Distance_TrackerUITests.swift */ = {isa = PBXFileReference; lastKnownFileType = sourcecode.swift; path = Distance_TrackerUITests.swift; sourceTree = "<group>"; };
		20DE1BC2261AEB85007B0776 /* Info.plist */ = {isa = PBXFileReference; lastKnownFileType = text.plist.xml; path = Info.plist; sourceTree = "<group>"; };
		20DE1BD9261AEBBB007B0776 /* DistanceManagerViewModel.swift */ = {isa = PBXFileReference; lastKnownFileType = sourcecode.swift; path = DistanceManagerViewModel.swift; sourceTree = "<group>"; };
		20DE1BE1261B0A63007B0776 /* Distance Tracker.entitlements */ = {isa = PBXFileReference; lastKnownFileType = text.plist.entitlements; path = "Distance Tracker.entitlements"; sourceTree = "<group>"; };
		20DE1BE3261B0A64007B0776 /* HealthKit.framework */ = {isa = PBXFileReference; lastKnownFileType = wrapper.framework; name = HealthKit.framework; path = System/Library/Frameworks/HealthKit.framework; sourceTree = SDKROOT; };
		20DE1BE8261B11F8007B0776 /* CancelBag.swift */ = {isa = PBXFileReference; fileEncoding = 4; lastKnownFileType = sourcecode.swift; path = CancelBag.swift; sourceTree = "<group>"; };
		20DE1BEE261C3BCC007B0776 /* TabBarView.swift */ = {isa = PBXFileReference; lastKnownFileType = sourcecode.swift; path = TabBarView.swift; sourceTree = "<group>"; };
		20DE1BF8261C45E6007B0776 /* JourneyView.swift */ = {isa = PBXFileReference; lastKnownFileType = sourcecode.swift; path = JourneyView.swift; sourceTree = "<group>"; };
		20DE1BFD261C4635007B0776 /* LocationManager.swift */ = {isa = PBXFileReference; lastKnownFileType = sourcecode.swift; path = LocationManager.swift; sourceTree = "<group>"; };
		20DE1C02261C4AE3007B0776 /* JourneyViewModel.swift */ = {isa = PBXFileReference; lastKnownFileType = sourcecode.swift; path = JourneyViewModel.swift; sourceTree = "<group>"; };
		20DE1C0A261C4B28007B0776 /* Location.swift */ = {isa = PBXFileReference; lastKnownFileType = sourcecode.swift; path = Location.swift; sourceTree = "<group>"; };
		20DE1C10261C4B7F007B0776 /* Run.swift */ = {isa = PBXFileReference; lastKnownFileType = sourcecode.swift; path = Run.swift; sourceTree = "<group>"; };
		20DE1C1B261C8365007B0776 /* MapView.swift */ = {isa = PBXFileReference; lastKnownFileType = sourcecode.swift; path = MapView.swift; sourceTree = "<group>"; };
/* End PBXFileReference section */

/* Begin PBXFrameworksBuildPhase section */
		20DE1B9D261AEB82007B0776 /* Frameworks */ = {
			isa = PBXFrameworksBuildPhase;
			buildActionMask = 2147483647;
			files = (
				20DE1BE4261B0A64007B0776 /* HealthKit.framework in Frameworks */,
			);
			runOnlyForDeploymentPostprocessing = 0;
		};
		20DE1BAE261AEB85007B0776 /* Frameworks */ = {
			isa = PBXFrameworksBuildPhase;
			buildActionMask = 2147483647;
			files = (
			);
			runOnlyForDeploymentPostprocessing = 0;
		};
		20DE1BB9261AEB85007B0776 /* Frameworks */ = {
			isa = PBXFrameworksBuildPhase;
			buildActionMask = 2147483647;
			files = (
			);
			runOnlyForDeploymentPostprocessing = 0;
		};
/* End PBXFrameworksBuildPhase section */

/* Begin PBXGroup section */
		20DE1B97261AEB82007B0776 = {
			isa = PBXGroup;
			children = (
				20DE1BA2261AEB82007B0776 /* Distance Tracker */,
				20DE1BB4261AEB85007B0776 /* Distance TrackerTests */,
				20DE1BBF261AEB85007B0776 /* Distance TrackerUITests */,
				20DE1BA1261AEB82007B0776 /* Products */,
				20DE1BE2261B0A64007B0776 /* Frameworks */,
			);
			sourceTree = "<group>";
		};
		20DE1BA1261AEB82007B0776 /* Products */ = {
			isa = PBXGroup;
			children = (
				20DE1BA0261AEB82007B0776 /* Distance Tracker.app */,
				20DE1BB1261AEB85007B0776 /* Distance TrackerTests.xctest */,
				20DE1BBC261AEB85007B0776 /* Distance TrackerUITests.xctest */,
			);
			name = Products;
			sourceTree = "<group>";
		};
		20DE1BA2261AEB82007B0776 /* Distance Tracker */ = {
			isa = PBXGroup;
			children = (
				2063CEF12642458E00318D7D /* README.md */,
				20DE1BF4261C3D71007B0776 /* Health */,
				20DE1BF3261C3D60007B0776 /* Map */,
				20DE1BED261C3B4E007B0776 /* TabBar View */,
				20DE1BE1261B0A63007B0776 /* Distance Tracker.entitlements */,
				20DE1BA3261AEB82007B0776 /* Distance_TrackerApp.swift */,
				20DE1BE8261B11F8007B0776 /* CancelBag.swift */,
				20DE1BA7261AEB85007B0776 /* Assets.xcassets */,
				20DE1BAC261AEB85007B0776 /* Info.plist */,
				20DE1BA9261AEB85007B0776 /* Preview Content */,
			);
			path = "Distance Tracker";
			sourceTree = "<group>";
		};
		20DE1BA9261AEB85007B0776 /* Preview Content */ = {
			isa = PBXGroup;
			children = (
				20DE1BAA261AEB85007B0776 /* Preview Assets.xcassets */,
			);
			path = "Preview Content";
			sourceTree = "<group>";
		};
		20DE1BB4261AEB85007B0776 /* Distance TrackerTests */ = {
			isa = PBXGroup;
			children = (
				20DE1BB5261AEB85007B0776 /* Distance_TrackerTests.swift */,
				20DE1BB7261AEB85007B0776 /* Info.plist */,
			);
			path = "Distance TrackerTests";
			sourceTree = "<group>";
		};
		20DE1BBF261AEB85007B0776 /* Distance TrackerUITests */ = {
			isa = PBXGroup;
			children = (
				20DE1BC0261AEB85007B0776 /* Distance_TrackerUITests.swift */,
				20DE1BC2261AEB85007B0776 /* Info.plist */,
			);
			path = "Distance TrackerUITests";
			sourceTree = "<group>";
		};
		20DE1BE2261B0A64007B0776 /* Frameworks */ = {
			isa = PBXGroup;
			children = (
				20DE1BE3261B0A64007B0776 /* HealthKit.framework */,
			);
			name = Frameworks;
			sourceTree = "<group>";
		};
		20DE1BED261C3B4E007B0776 /* TabBar View */ = {
			isa = PBXGroup;
			children = (
				20DE1BEE261C3BCC007B0776 /* TabBarView.swift */,
			);
			path = "TabBar View";
			sourceTree = "<group>";
		};
		20DE1BF3261C3D60007B0776 /* Map */ = {
			isa = PBXGroup;
			children = (
				20DE1C0F261C4B6E007B0776 /* Models */,
				20DE1BF8261C45E6007B0776 /* JourneyView.swift */,
				20DE1C02261C4AE3007B0776 /* JourneyViewModel.swift */,
				20DE1BFD261C4635007B0776 /* LocationManager.swift */,
				20DE1C1B261C8365007B0776 /* MapView.swift */,
			);
			path = Map;
			sourceTree = "<group>";
		};
		20DE1BF4261C3D71007B0776 /* Health */ = {
			isa = PBXGroup;
			children = (
				20DE1BD9261AEBBB007B0776 /* DistanceManagerViewModel.swift */,
				20DE1BA5261AEB82007B0776 /* ContentView.swift */,
			);
			path = Health;
			sourceTree = "<group>";
		};
		20DE1C0F261C4B6E007B0776 /* Models */ = {
			isa = PBXGroup;
			children = (
				20DE1C0A261C4B28007B0776 /* Location.swift */,
				20DE1C10261C4B7F007B0776 /* Run.swift */,
			);
			path = Models;
			sourceTree = "<group>";
		};
/* End PBXGroup section */

/* Begin PBXNativeTarget section */
		20DE1B9F261AEB82007B0776 /* Distance Tracker */ = {
			isa = PBXNativeTarget;
			buildConfigurationList = 20DE1BC5261AEB85007B0776 /* Build configuration list for PBXNativeTarget "Distance Tracker" */;
			buildPhases = (
				20DE1B9C261AEB82007B0776 /* Sources */,
				20DE1B9D261AEB82007B0776 /* Frameworks */,
				20DE1B9E261AEB82007B0776 /* Resources */,
			);
			buildRules = (
			);
			dependencies = (
			);
			name = "Distance Tracker";
			productName = "Distance Tracker";
			productReference = 20DE1BA0261AEB82007B0776 /* Distance Tracker.app */;
			productType = "com.apple.product-type.application";
		};
		20DE1BB0261AEB85007B0776 /* Distance TrackerTests */ = {
			isa = PBXNativeTarget;
			buildConfigurationList = 20DE1BC8261AEB85007B0776 /* Build configuration list for PBXNativeTarget "Distance TrackerTests" */;
			buildPhases = (
				20DE1BAD261AEB85007B0776 /* Sources */,
				20DE1BAE261AEB85007B0776 /* Frameworks */,
				20DE1BAF261AEB85007B0776 /* Resources */,
			);
			buildRules = (
			);
			dependencies = (
				20DE1BB3261AEB85007B0776 /* PBXTargetDependency */,
			);
			name = "Distance TrackerTests";
			productName = "Distance TrackerTests";
			productReference = 20DE1BB1261AEB85007B0776 /* Distance TrackerTests.xctest */;
			productType = "com.apple.product-type.bundle.unit-test";
		};
		20DE1BBB261AEB85007B0776 /* Distance TrackerUITests */ = {
			isa = PBXNativeTarget;
			buildConfigurationList = 20DE1BCB261AEB85007B0776 /* Build configuration list for PBXNativeTarget "Distance TrackerUITests" */;
			buildPhases = (
				20DE1BB8261AEB85007B0776 /* Sources */,
				20DE1BB9261AEB85007B0776 /* Frameworks */,
				20DE1BBA261AEB85007B0776 /* Resources */,
			);
			buildRules = (
			);
			dependencies = (
				20DE1BBE261AEB85007B0776 /* PBXTargetDependency */,
			);
			name = "Distance TrackerUITests";
			productName = "Distance TrackerUITests";
			productReference = 20DE1BBC261AEB85007B0776 /* Distance TrackerUITests.xctest */;
			productType = "com.apple.product-type.bundle.ui-testing";
		};
/* End PBXNativeTarget section */

/* Begin PBXProject section */
		20DE1B98261AEB82007B0776 /* Project object */ = {
			isa = PBXProject;
			attributes = {
				LastSwiftUpdateCheck = 1240;
				LastUpgradeCheck = 1240;
				TargetAttributes = {
					20DE1B9F261AEB82007B0776 = {
						CreatedOnToolsVersion = 12.4;
					};
					20DE1BB0261AEB85007B0776 = {
						CreatedOnToolsVersion = 12.4;
						TestTargetID = 20DE1B9F261AEB82007B0776;
					};
					20DE1BBB261AEB85007B0776 = {
						CreatedOnToolsVersion = 12.4;
						TestTargetID = 20DE1B9F261AEB82007B0776;
					};
				};
			};
			buildConfigurationList = 20DE1B9B261AEB82007B0776 /* Build configuration list for PBXProject "Distance Tracker" */;
			compatibilityVersion = "Xcode 9.3";
			developmentRegion = en;
			hasScannedForEncodings = 0;
			knownRegions = (
				en,
				Base,
			);
			mainGroup = 20DE1B97261AEB82007B0776;
			productRefGroup = 20DE1BA1261AEB82007B0776 /* Products */;
			projectDirPath = "";
			projectRoot = "";
			targets = (
				20DE1B9F261AEB82007B0776 /* Distance Tracker */,
				20DE1BB0261AEB85007B0776 /* Distance TrackerTests */,
				20DE1BBB261AEB85007B0776 /* Distance TrackerUITests */,
			);
		};
/* End PBXProject section */

/* Begin PBXResourcesBuildPhase section */
		20DE1B9E261AEB82007B0776 /* Resources */ = {
			isa = PBXResourcesBuildPhase;
			buildActionMask = 2147483647;
			files = (
				2063CEF22642458E00318D7D /* README.md in Resources */,
				20DE1BAB261AEB85007B0776 /* Preview Assets.xcassets in Resources */,
				20DE1BA8261AEB85007B0776 /* Assets.xcassets in Resources */,
			);
			runOnlyForDeploymentPostprocessing = 0;
		};
		20DE1BAF261AEB85007B0776 /* Resources */ = {
			isa = PBXResourcesBuildPhase;
			buildActionMask = 2147483647;
			files = (
			);
			runOnlyForDeploymentPostprocessing = 0;
		};
		20DE1BBA261AEB85007B0776 /* Resources */ = {
			isa = PBXResourcesBuildPhase;
			buildActionMask = 2147483647;
			files = (
			);
			runOnlyForDeploymentPostprocessing = 0;
		};
/* End PBXResourcesBuildPhase section */

/* Begin PBXSourcesBuildPhase section */
		20DE1B9C261AEB82007B0776 /* Sources */ = {
			isa = PBXSourcesBuildPhase;
			buildActionMask = 2147483647;
			files = (
				20DE1BA6261AEB82007B0776 /* ContentView.swift in Sources */,
				20DE1C03261C4AE3007B0776 /* JourneyViewModel.swift in Sources */,
				20DE1BDA261AEBBB007B0776 /* DistanceManagerViewModel.swift in Sources */,
				20DE1C1C261C8365007B0776 /* MapView.swift in Sources */,
				20DE1C11261C4B7F007B0776 /* Run.swift in Sources */,
				20DE1BE9261B11F8007B0776 /* CancelBag.swift in Sources */,
				20DE1C0B261C4B28007B0776 /* Location.swift in Sources */,
				20DE1BFE261C4635007B0776 /* LocationManager.swift in Sources */,
				20DE1BF9261C45E6007B0776 /* JourneyView.swift in Sources */,
				20DE1BEF261C3BCC007B0776 /* TabBarView.swift in Sources */,
				20DE1BA4261AEB82007B0776 /* Distance_TrackerApp.swift in Sources */,
			);
			runOnlyForDeploymentPostprocessing = 0;
		};
		20DE1BAD261AEB85007B0776 /* Sources */ = {
			isa = PBXSourcesBuildPhase;
			buildActionMask = 2147483647;
			files = (
				20DE1BB6261AEB85007B0776 /* Distance_TrackerTests.swift in Sources */,
			);
			runOnlyForDeploymentPostprocessing = 0;
		};
		20DE1BB8261AEB85007B0776 /* Sources */ = {
			isa = PBXSourcesBuildPhase;
			buildActionMask = 2147483647;
			files = (
				20DE1BC1261AEB85007B0776 /* Distance_TrackerUITests.swift in Sources */,
			);
			runOnlyForDeploymentPostprocessing = 0;
		};
/* End PBXSourcesBuildPhase section */

/* Begin PBXTargetDependency section */
		20DE1BB3261AEB85007B0776 /* PBXTargetDependency */ = {
			isa = PBXTargetDependency;
			target = 20DE1B9F261AEB82007B0776 /* Distance Tracker */;
			targetProxy = 20DE1BB2261AEB85007B0776 /* PBXContainerItemProxy */;
		};
		20DE1BBE261AEB85007B0776 /* PBXTargetDependency */ = {
			isa = PBXTargetDependency;
			target = 20DE1B9F261AEB82007B0776 /* Distance Tracker */;
			targetProxy = 20DE1BBD261AEB85007B0776 /* PBXContainerItemProxy */;
		};
/* End PBXTargetDependency section */

/* Begin XCBuildConfiguration section */
		20DE1BC3261AEB85007B0776 /* Debug */ = {
			isa = XCBuildConfiguration;
			buildSettings = {
				ALWAYS_SEARCH_USER_PATHS = NO;
				CLANG_ANALYZER_NONNULL = YES;
				CLANG_ANALYZER_NUMBER_OBJECT_CONVERSION = YES_AGGRESSIVE;
				CLANG_CXX_LANGUAGE_STANDARD = "gnu++14";
				CLANG_CXX_LIBRARY = "libc++";
				CLANG_ENABLE_MODULES = YES;
				CLANG_ENABLE_OBJC_ARC = YES;
				CLANG_ENABLE_OBJC_WEAK = YES;
				CLANG_WARN_BLOCK_CAPTURE_AUTORELEASING = YES;
				CLANG_WARN_BOOL_CONVERSION = YES;
				CLANG_WARN_COMMA = YES;
				CLANG_WARN_CONSTANT_CONVERSION = YES;
				CLANG_WARN_DEPRECATED_OBJC_IMPLEMENTATIONS = YES;
				CLANG_WARN_DIRECT_OBJC_ISA_USAGE = YES_ERROR;
				CLANG_WARN_DOCUMENTATION_COMMENTS = YES;
				CLANG_WARN_EMPTY_BODY = YES;
				CLANG_WARN_ENUM_CONVERSION = YES;
				CLANG_WARN_INFINITE_RECURSION = YES;
				CLANG_WARN_INT_CONVERSION = YES;
				CLANG_WARN_NON_LITERAL_NULL_CONVERSION = YES;
				CLANG_WARN_OBJC_IMPLICIT_RETAIN_SELF = YES;
				CLANG_WARN_OBJC_LITERAL_CONVERSION = YES;
				CLANG_WARN_OBJC_ROOT_CLASS = YES_ERROR;
				CLANG_WARN_QUOTED_INCLUDE_IN_FRAMEWORK_HEADER = YES;
				CLANG_WARN_RANGE_LOOP_ANALYSIS = YES;
				CLANG_WARN_STRICT_PROTOTYPES = YES;
				CLANG_WARN_SUSPICIOUS_MOVE = YES;
				CLANG_WARN_UNGUARDED_AVAILABILITY = YES_AGGRESSIVE;
				CLANG_WARN_UNREACHABLE_CODE = YES;
				CLANG_WARN__DUPLICATE_METHOD_MATCH = YES;
				COPY_PHASE_STRIP = NO;
				DEBUG_INFORMATION_FORMAT = dwarf;
				ENABLE_STRICT_OBJC_MSGSEND = YES;
				ENABLE_TESTABILITY = YES;
				GCC_C_LANGUAGE_STANDARD = gnu11;
				GCC_DYNAMIC_NO_PIC = NO;
				GCC_NO_COMMON_BLOCKS = YES;
				GCC_OPTIMIZATION_LEVEL = 0;
				GCC_PREPROCESSOR_DEFINITIONS = (
					"DEBUG=1",
					"$(inherited)",
				);
				GCC_WARN_64_TO_32_BIT_CONVERSION = YES;
				GCC_WARN_ABOUT_RETURN_TYPE = YES_ERROR;
				GCC_WARN_UNDECLARED_SELECTOR = YES;
				GCC_WARN_UNINITIALIZED_AUTOS = YES_AGGRESSIVE;
				GCC_WARN_UNUSED_FUNCTION = YES;
				GCC_WARN_UNUSED_VARIABLE = YES;
				IPHONEOS_DEPLOYMENT_TARGET = 14.4;
				MTL_ENABLE_DEBUG_INFO = INCLUDE_SOURCE;
				MTL_FAST_MATH = YES;
				ONLY_ACTIVE_ARCH = YES;
				SDKROOT = iphoneos;
				SWIFT_ACTIVE_COMPILATION_CONDITIONS = DEBUG;
				SWIFT_OPTIMIZATION_LEVEL = "-Onone";
			};
			name = Debug;
		};
		20DE1BC4261AEB85007B0776 /* Release */ = {
			isa = XCBuildConfiguration;
			buildSettings = {
				ALWAYS_SEARCH_USER_PATHS = NO;
				CLANG_ANALYZER_NONNULL = YES;
				CLANG_ANALYZER_NUMBER_OBJECT_CONVERSION = YES_AGGRESSIVE;
				CLANG_CXX_LANGUAGE_STANDARD = "gnu++14";
				CLANG_CXX_LIBRARY = "libc++";
				CLANG_ENABLE_MODULES = YES;
				CLANG_ENABLE_OBJC_ARC = YES;
				CLANG_ENABLE_OBJC_WEAK = YES;
				CLANG_WARN_BLOCK_CAPTURE_AUTORELEASING = YES;
				CLANG_WARN_BOOL_CONVERSION = YES;
				CLANG_WARN_COMMA = YES;
				CLANG_WARN_CONSTANT_CONVERSION = YES;
				CLANG_WARN_DEPRECATED_OBJC_IMPLEMENTATIONS = YES;
				CLANG_WARN_DIRECT_OBJC_ISA_USAGE = YES_ERROR;
				CLANG_WARN_DOCUMENTATION_COMMENTS = YES;
				CLANG_WARN_EMPTY_BODY = YES;
				CLANG_WARN_ENUM_CONVERSION = YES;
				CLANG_WARN_INFINITE_RECURSION = YES;
				CLANG_WARN_INT_CONVERSION = YES;
				CLANG_WARN_NON_LITERAL_NULL_CONVERSION = YES;
				CLANG_WARN_OBJC_IMPLICIT_RETAIN_SELF = YES;
				CLANG_WARN_OBJC_LITERAL_CONVERSION = YES;
				CLANG_WARN_OBJC_ROOT_CLASS = YES_ERROR;
				CLANG_WARN_QUOTED_INCLUDE_IN_FRAMEWORK_HEADER = YES;
				CLANG_WARN_RANGE_LOOP_ANALYSIS = YES;
				CLANG_WARN_STRICT_PROTOTYPES = YES;
				CLANG_WARN_SUSPICIOUS_MOVE = YES;
				CLANG_WARN_UNGUARDED_AVAILABILITY = YES_AGGRESSIVE;
				CLANG_WARN_UNREACHABLE_CODE = YES;
				CLANG_WARN__DUPLICATE_METHOD_MATCH = YES;
				COPY_PHASE_STRIP = NO;
				DEBUG_INFORMATION_FORMAT = "dwarf-with-dsym";
				ENABLE_NS_ASSERTIONS = NO;
				ENABLE_STRICT_OBJC_MSGSEND = YES;
				GCC_C_LANGUAGE_STANDARD = gnu11;
				GCC_NO_COMMON_BLOCKS = YES;
				GCC_WARN_64_TO_32_BIT_CONVERSION = YES;
				GCC_WARN_ABOUT_RETURN_TYPE = YES_ERROR;
				GCC_WARN_UNDECLARED_SELECTOR = YES;
				GCC_WARN_UNINITIALIZED_AUTOS = YES_AGGRESSIVE;
				GCC_WARN_UNUSED_FUNCTION = YES;
				GCC_WARN_UNUSED_VARIABLE = YES;
				IPHONEOS_DEPLOYMENT_TARGET = 14.4;
				MTL_ENABLE_DEBUG_INFO = NO;
				MTL_FAST_MATH = YES;
				SDKROOT = iphoneos;
				SWIFT_COMPILATION_MODE = wholemodule;
				SWIFT_OPTIMIZATION_LEVEL = "-O";
				VALIDATE_PRODUCT = YES;
			};
			name = Release;
		};
		20DE1BC6261AEB85007B0776 /* Debug */ = {
			isa = XCBuildConfiguration;
			buildSettings = {
				ASSETCATALOG_COMPILER_APPICON_NAME = AppIcon;
				ASSETCATALOG_COMPILER_GLOBAL_ACCENT_COLOR_NAME = AccentColor;
				CODE_SIGN_ENTITLEMENTS = "Distance Tracker/Distance Tracker.entitlements";
				CODE_SIGN_STYLE = Automatic;
				DEVELOPMENT_ASSET_PATHS = "\"Distance Tracker/Preview Content\"";
				DEVELOPMENT_TEAM = KQNMXL5GP4;
				ENABLE_PREVIEWS = YES;
				INFOPLIST_FILE = "Distance Tracker/Info.plist";
				IPHONEOS_DEPLOYMENT_TARGET = 14.0;
				LD_RUNPATH_SEARCH_PATHS = (
					"$(inherited)",
					"@executable_path/Frameworks",
				);
				PRODUCT_BUNDLE_IDENTIFIER = "com.zuhlke.Distance-Tracker";
				PRODUCT_NAME = "$(TARGET_NAME)";
				SWIFT_VERSION = 5.0;
				TARGETED_DEVICE_FAMILY = "1,2";
			};
			name = Debug;
		};
		20DE1BC7261AEB85007B0776 /* Release */ = {
			isa = XCBuildConfiguration;
			buildSettings = {
				ASSETCATALOG_COMPILER_APPICON_NAME = AppIcon;
				ASSETCATALOG_COMPILER_GLOBAL_ACCENT_COLOR_NAME = AccentColor;
				CODE_SIGN_ENTITLEMENTS = "Distance Tracker/Distance Tracker.entitlements";
				CODE_SIGN_STYLE = Automatic;
				DEVELOPMENT_ASSET_PATHS = "\"Distance Tracker/Preview Content\"";
				DEVELOPMENT_TEAM = KQNMXL5GP4;
				ENABLE_PREVIEWS = YES;
				INFOPLIST_FILE = "Distance Tracker/Info.plist";
				IPHONEOS_DEPLOYMENT_TARGET = 14.0;
				LD_RUNPATH_SEARCH_PATHS = (
					"$(inherited)",
					"@executable_path/Frameworks",
				);
				PRODUCT_BUNDLE_IDENTIFIER = "com.zuhlke.Distance-Tracker";
				PRODUCT_NAME = "$(TARGET_NAME)";
				SWIFT_VERSION = 5.0;
				TARGETED_DEVICE_FAMILY = "1,2";
			};
			name = Release;
		};
		20DE1BC9261AEB85007B0776 /* Debug */ = {
			isa = XCBuildConfiguration;
			buildSettings = {
				ALWAYS_EMBED_SWIFT_STANDARD_LIBRARIES = YES;
				BUNDLE_LOADER = "$(TEST_HOST)";
				CODE_SIGN_STYLE = Automatic;
				DEVELOPMENT_TEAM = KQNMXL5GP4;
				INFOPLIST_FILE = "Distance TrackerTests/Info.plist";
				IPHONEOS_DEPLOYMENT_TARGET = 14.0;
				LD_RUNPATH_SEARCH_PATHS = (
					"$(inherited)",
					"@executable_path/Frameworks",
					"@loader_path/Frameworks",
				);
				PRODUCT_BUNDLE_IDENTIFIER = "com.zuhlke.Distance-TrackerTests";
				PRODUCT_NAME = "$(TARGET_NAME)";
				SWIFT_VERSION = 5.0;
				TARGETED_DEVICE_FAMILY = "1,2";
				TEST_HOST = "$(BUILT_PRODUCTS_DIR)/Distance Tracker.app/Distance Tracker";
			};
			name = Debug;
		};
		20DE1BCA261AEB85007B0776 /* Release */ = {
			isa = XCBuildConfiguration;
			buildSettings = {
				ALWAYS_EMBED_SWIFT_STANDARD_LIBRARIES = YES;
				BUNDLE_LOADER = "$(TEST_HOST)";
				CODE_SIGN_STYLE = Automatic;
				DEVELOPMENT_TEAM = KQNMXL5GP4;
				INFOPLIST_FILE = "Distance TrackerTests/Info.plist";
				IPHONEOS_DEPLOYMENT_TARGET = 14.0;
				LD_RUNPATH_SEARCH_PATHS = (
					"$(inherited)",
					"@executable_path/Frameworks",
					"@loader_path/Frameworks",
				);
				PRODUCT_BUNDLE_IDENTIFIER = "com.zuhlke.Distance-TrackerTests";
				PRODUCT_NAME = "$(TARGET_NAME)";
				SWIFT_VERSION = 5.0;
				TARGETED_DEVICE_FAMILY = "1,2";
				TEST_HOST = "$(BUILT_PRODUCTS_DIR)/Distance Tracker.app/Distance Tracker";
			};
			name = Release;
		};
		20DE1BCC261AEB85007B0776 /* Debug */ = {
			isa = XCBuildConfiguration;
			buildSettings = {
				ALWAYS_EMBED_SWIFT_STANDARD_LIBRARIES = YES;
				CODE_SIGN_STYLE = Automatic;
				DEVELOPMENT_TEAM = KQNMXL5GP4;
				INFOPLIST_FILE = "Distance TrackerUITests/Info.plist";
				LD_RUNPATH_SEARCH_PATHS = (
					"$(inherited)",
					"@executable_path/Frameworks",
					"@loader_path/Frameworks",
				);
				PRODUCT_BUNDLE_IDENTIFIER = "com.zuhlke.Distance-TrackerUITests";
				PRODUCT_NAME = "$(TARGET_NAME)";
				SWIFT_VERSION = 5.0;
				TARGETED_DEVICE_FAMILY = "1,2";
				TEST_TARGET_NAME = "Distance Tracker";
			};
			name = Debug;
		};
		20DE1BCD261AEB85007B0776 /* Release */ = {
			isa = XCBuildConfiguration;
			buildSettings = {
				ALWAYS_EMBED_SWIFT_STANDARD_LIBRARIES = YES;
				CODE_SIGN_STYLE = Automatic;
				DEVELOPMENT_TEAM = KQNMXL5GP4;
				INFOPLIST_FILE = "Distance TrackerUITests/Info.plist";
				LD_RUNPATH_SEARCH_PATHS = (
					"$(inherited)",
					"@executable_path/Frameworks",
					"@loader_path/Frameworks",
				);
				PRODUCT_BUNDLE_IDENTIFIER = "com.zuhlke.Distance-TrackerUITests";
				PRODUCT_NAME = "$(TARGET_NAME)";
				SWIFT_VERSION = 5.0;
				TARGETED_DEVICE_FAMILY = "1,2";
				TEST_TARGET_NAME = "Distance Tracker";
			};
			name = Release;
		};
/* End XCBuildConfiguration section */

/* Begin XCConfigurationList section */
		20DE1B9B261AEB82007B0776 /* Build configuration list for PBXProject "Distance Tracker" */ = {
			isa = XCConfigurationList;
			buildConfigurations = (
				20DE1BC3261AEB85007B0776 /* Debug */,
				20DE1BC4261AEB85007B0776 /* Release */,
			);
			defaultConfigurationIsVisible = 0;
			defaultConfigurationName = Release;
		};
		20DE1BC5261AEB85007B0776 /* Build configuration list for PBXNativeTarget "Distance Tracker" */ = {
			isa = XCConfigurationList;
			buildConfigurations = (
				20DE1BC6261AEB85007B0776 /* Debug */,
				20DE1BC7261AEB85007B0776 /* Release */,
			);
			defaultConfigurationIsVisible = 0;
			defaultConfigurationName = Release;
		};
		20DE1BC8261AEB85007B0776 /* Build configuration list for PBXNativeTarget "Distance TrackerTests" */ = {
			isa = XCConfigurationList;
			buildConfigurations = (
				20DE1BC9261AEB85007B0776 /* Debug */,
				20DE1BCA261AEB85007B0776 /* Release */,
			);
			defaultConfigurationIsVisible = 0;
			defaultConfigurationName = Release;
		};
		20DE1BCB261AEB85007B0776 /* Build configuration list for PBXNativeTarget "Distance TrackerUITests" */ = {
			isa = XCConfigurationList;
			buildConfigurations = (
				20DE1BCC261AEB85007B0776 /* Debug */,
				20DE1BCD261AEB85007B0776 /* Release */,
			);
			defaultConfigurationIsVisible = 0;
			defaultConfigurationName = Release;
		};
/* End XCConfigurationList section */
	};
	rootObject = 20DE1B98261AEB82007B0776 /* Project object */;
}
